
Microsoft Visual Studio Solution File, Format Version 12.00
# Visual Studio Version 17
VisualStudioVersion = 17.4.33213.308
MinimumVisualStudioVersion = 10.0.40219.1
Project("{FAE04EC0-301F-11D3-BF4B-00C04F79EFBC}") = "WootStreet", "WootStreet.csproj", "{8FD7E14B-8C6B-4D9B-8F74-A475E362B5DA}"
EndProject
Global
	GlobalSection(SolutionConfigurationPlatforms) = preSolution
		Debug|Any CPU = Debug|Any CPU
		Release|Any CPU = Release|Any CPU
	EndGlobalSection
	GlobalSection(ProjectConfigurationPlatforms) = postSolution
		{8FD7E14B-8C6B-4D9B-8F74-A475E362B5DA}.Debug|Any CPU.ActiveCfg = Debug|Any CPU
		{8FD7E14B-8C6B-4D9B-8F74-A475E362B5DA}.Debug|Any CPU.Build.0 = Debug|Any CPU
		{8FD7E14B-8C6B-4D9B-8F74-A475E362B5DA}.Release|Any CPU.ActiveCfg = Release|Any CPU
		{8FD7E14B-8C6B-4D9B-8F74-A475E362B5DA}.Release|Any CPU.Build.0 = Release|Any CPU
	EndGlobalSection
	GlobalSection(SolutionProperties) = preSolution
		HideSolutionNode = FALSE
	EndGlobalSection
	GlobalSection(ExtensibilityGlobals) = postSolution
		SolutionGuid = {0952D9CF-65D6-4C60-B859-E92DFB472550}
	EndGlobalSection
EndGlobal
